{
  "name": "ralpharium",
  "version": "0.2.2",
  "lockfileVersion": 3,
  "requires": true,
  "packages": {
    "": {
      "name": "ralpharium",
      "version": "0.2.2",
      "license": "MIT",
      "bin": {
        "ralph-studio": "bin/ralph-studio.js",
        "ralpharium": "bin/ralph-studio.js"
      },
      "engines": {
        "node": ">=16.0.0"
      }
    }
  }
}
